// !$*UTF8*$!
{
	archiveVersion = 1;
	classes = {
	};
	objectVersion = 56;
	objects = {

/* Begin PBXBuildFile section */
		3E5CC88C2B336A4700BB322E /* CoffeeAppApp.swift in Sources */ = {isa = PBXBuildFile; fileRef = 3E5CC88B2B336A4700BB322E /* CoffeeAppApp.swift */; };
		3E5CC88E2B336A4700BB322E /* ContentView.swift in Sources */ = {isa = PBXBuildFile; fileRef = 3E5CC88D2B336A4700BB322E /* ContentView.swift */; };
		3E5CC8902B336A4D00BB322E /* Assets.xcassets in Resources */ = {isa = PBXBuildFile; fileRef = 3E5CC88F2B336A4D00BB322E /* Assets.xcassets */; };
		3E5CC8932B336A4D00BB322E /* Preview Assets.xcassets in Resources */ = {isa = PBXBuildFile; fileRef = 3E5CC8922B336A4D00BB322E /* Preview Assets.xcassets */; };
		3E5CC8A42B336BB100BB322E /* RegistrationView.swift in Sources */ = {isa = PBXBuildFile; fileRef = 3E5CC8A32B336BB100BB322E /* RegistrationView.swift */; };
		3E5CC8A72B33776100BB322E /* LoginView.swift in Sources */ = {isa = PBXBuildFile; fileRef = 3E5CC8A62B33776100BB322E /* LoginView.swift */; };
/* End PBXBuildFile section */

/* Begin PBXFileReference section */
		3E5CC8882B336A4700BB322E /* CoffeeApp.app */ = {isa = PBXFileReference; explicitFileType = wrapper.application; includeInIndex = 0; path = CoffeeApp.app; sourceTree = BUILT_PRODUCTS_DIR; };
		3E5CC88B2B336A4700BB322E /* CoffeeAppApp.swift */ = {isa = PBXFileReference; lastKnownFileType = sourcecode.swift; path = CoffeeAppApp.swift; sourceTree = "<group>"; };
		3E5CC88D2B336A4700BB322E /* ContentView.swift */ = {isa = PBXFileReference; lastKnownFileType = sourcecode.swift; path = ContentView.swift; sourceTree = "<group>"; };
		3E5CC88F2B336A4D00BB322E /* Assets.xcassets */ = {isa = PBXFileReference; lastKnownFileType = folder.assetcatalog; path = Assets.xcassets; sourceTree = "<group>"; };
		3E5CC8922B336A4D00BB322E /* Preview Assets.xcassets */ = {isa = PBXFileReference; lastKnownFileType = folder.assetcatalog; path = "Preview Assets.xcassets"; sourceTree = "<group>"; };
		3E5CC8A32B336BB100BB322E /* RegistrationView.swift */ = {isa = PBXFileReference; lastKnownFileType = sourcecode.swift; path = RegistrationView.swift; sourceTree = "<group>"; };
		3E5CC8A62B33776100BB322E /* LoginView.swift */ = {isa = PBXFileReference; lastKnownFileType = sourcecode.swift; path = LoginView.swift; sourceTree = "<group>"; };
/* End PBXFileReference section */

/* Begin PBXFrameworksBuildPhase section */
		3E5CC8852B336A4700BB322E /* Frameworks */ = {
			isa = PBXFrameworksBuildPhase;
			buildActionMask = 2147483647;
			files = (
			);
			runOnlyForDeploymentPostprocessing = 0;
		};
/* End PBXFrameworksBuildPhase section */

/* Begin PBXGroup section */
		3E5CC87F2B336A4700BB322E = {
			isa = PBXGroup;
			children = (
				3E5CC8A22B336B5A00BB322E /* LoginModule */,
				3E5CC8A02B336B3900BB322E /* MenuModule */,
				3E5CC89F2B336B3000BB322E /* LocationModule */,
				3E5CC8992B336AF300BB322E /* RegistrationModule */,
				3E5CC88A2B336A4700BB322E /* CoffeeApp */,
				3E5CC8892B336A4700BB322E /* Products */,
			);
			sourceTree = "<group>";
		};
		3E5CC8892B336A4700BB322E /* Products */ = {
			isa = PBXGroup;
			children = (
				3E5CC8882B336A4700BB322E /* CoffeeApp.app */,
			);
			name = Products;
			sourceTree = "<group>";
		};
		3E5CC88A2B336A4700BB322E /* CoffeeApp */ = {
			isa = PBXGroup;
			children = (
				3E5CC88B2B336A4700BB322E /* CoffeeAppApp.swift */,
				3E5CC88D2B336A4700BB322E /* ContentView.swift */,
				3E5CC88F2B336A4D00BB322E /* Assets.xcassets */,
				3E5CC8912B336A4D00BB322E /* Preview Content */,
			);
			path = CoffeeApp;
			sourceTree = "<group>";
		};
		3E5CC8912B336A4D00BB322E /* Preview Content */ = {
			isa = PBXGroup;
			children = (
				3E5CC8922B336A4D00BB322E /* Preview Assets.xcassets */,
			);
			path = "Preview Content";
			sourceTree = "<group>";
		};
		3E5CC8992B336AF300BB322E /* RegistrationModule */ = {
			isa = PBXGroup;
			children = (
				3E5CC89E2B336B2900BB322E /* Router */,
				3E5CC89D2B336B1F00BB322E /* Entity */,
				3E5CC89C2B336B1800BB322E /* Presenter */,
				3E5CC89B2B336B0E00BB322E /* Iteractor */,
				3E5CC89A2B336B0800BB322E /* View */,
			);
			path = RegistrationModule;
			sourceTree = "<group>";
		};
		3E5CC89A2B336B0800BB322E /* View */ = {
			isa = PBXGroup;
			children = (
				3E5CC8A32B336BB100BB322E /* RegistrationView.swift */,
			);
			path = View;
			sourceTree = "<group>";
		};
		3E5CC89B2B336B0E00BB322E /* Iteractor */ = {
			isa = PBXGroup;
			children = (
			);
			path = Iteractor;
			sourceTree = "<group>";
		};
		3E5CC89C2B336B1800BB322E /* Presenter */ = {
			isa = PBXGroup;
			children = (
			);
			path = Presenter;
			sourceTree = "<group>";
		};
		3E5CC89D2B336B1F00BB322E /* Entity */ = {
			isa = PBXGroup;
			children = (
			);
			path = Entity;
			sourceTree = "<group>";
		};
		3E5CC89E2B336B2900BB322E /* Router */ = {
			isa = PBXGroup;
			children = (
			);
			path = Router;
			sourceTree = "<group>";
		};
		3E5CC89F2B336B3000BB322E /* LocationModule */ = {
			isa = PBXGroup;
			children = (
			);
			path = LocationModule;
			sourceTree = "<group>";
		};
		3E5CC8A02B336B3900BB322E /* MenuModule */ = {
			isa = PBXGroup;
			children = (
			);
			path = MenuModule;
			sourceTree = "<group>";
		};
		3E5CC8A22B336B5A00BB322E /* LoginModule */ = {
			isa = PBXGroup;
			children = (
				3E5CC8A52B33775100BB322E /* View */,
			);
			path = LoginModule;
			sourceTree = "<group>";
		};
		3E5CC8A52B33775100BB322E /* View */ = {
			isa = PBXGroup;
			children = (
				3E5CC8A62B33776100BB322E /* LoginView.swift */,
			);
			path = View;
			sourceTree = "<group>";
		};
/* End PBXGroup section */

/* Begin PBXNativeTarget section */
		3E5CC8872B336A4700BB322E /* CoffeeApp */ = {
			isa = PBXNativeTarget;
			buildConfigurationList = 3E5CC8962B336A4D00BB322E /* Build configuration list for PBXNativeTarget "CoffeeApp" */;
			buildPhases = (
				3E5CC8842B336A4700BB322E /* Sources */,
				3E5CC8852B336A4700BB322E /* Frameworks */,
				3E5CC8862B336A4700BB322E /* Resources */,
			);
			buildRules = (
			);
			dependencies = (
			);
			name = CoffeeApp;
			productName = CoffeeApp;
			productReference = 3E5CC8882B336A4700BB322E /* CoffeeApp.app */;
			productType = "com.apple.product-type.application";
		};
/* End PBXNativeTarget section */

/* Begin PBXProject section */
		3E5CC8802B336A4700BB322E /* Project object */ = {
			isa = PBXProject;
			attributes = {
				BuildIndependentTargetsInParallel = 1;
				LastSwiftUpdateCheck = 1500;
				LastUpgradeCheck = 1500;
				TargetAttributes = {
					3E5CC8872B336A4700BB322E = {
						CreatedOnToolsVersion = 15.0.1;
					};
				};
			};
			buildConfigurationList = 3E5CC8832B336A4700BB322E /* Build configuration list for PBXProject "CoffeeApp" */;
			compatibilityVersion = "Xcode 14.0";
			developmentRegion = en;
			hasScannedForEncodings = 0;
			knownRegions = (
				en,
				Base,
			);
			mainGroup = 3E5CC87F2B336A4700BB322E;
			productRefGroup = 3E5CC8892B336A4700BB322E /* Products */;
			projectDirPath = "";
			projectRoot = "";
			targets = (
				3E5CC8872B336A4700BB322E /* CoffeeApp */,
			);
		};
/* End PBXProject section */

/* Begin PBXResourcesBuildPhase section */
		3E5CC8862B336A4700BB322E /* Resources */ = {
			isa = PBXResourcesBuildPhase;
			buildActionMask = 2147483647;
			files = (
				3E5CC8932B336A4D00BB322E /* Preview Assets.xcassets in Resources */,
				3E5CC8902B336A4D00BB322E /* Assets.xcassets in Resources */,
			);
			runOnlyForDeploymentPostprocessing = 0;
		};
/* End PBXResourcesBuildPhase section */

/* Begin PBXSourcesBuildPhase section */
		3E5CC8842B336A4700BB322E /* Sources */ = {
			isa = PBXSourcesBuildPhase;
			buildActionMask = 2147483647;
			files = (
				3E5CC8A42B336BB100BB322E /* RegistrationView.swift in Sources */,
				3E5CC88E2B336A4700BB322E /* ContentView.swift in Sources */,
				3E5CC8A72B33776100BB322E /* LoginView.swift in Sources */,
				3E5CC88C2B336A4700BB322E /* CoffeeAppApp.swift in Sources */,
			);
			runOnlyForDeploymentPostprocessing = 0;
		};
/* End PBXSourcesBuildPhase section */

/* Begin XCBuildConfiguration section */
		3E5CC8942B336A4D00BB322E /* Debug */ = {
			isa = XCBuildConfiguration;
			buildSettings = {
				ALWAYS_SEARCH_USER_PATHS = NO;
				ASSETCATALOG_COMPILER_GENERATE_SWIFT_ASSET_SYMBOL_EXTENSIONS = YES;
				CLANG_ANALYZER_NONNULL = YES;
				CLANG_ANALYZER_NUMBER_OBJECT_CONVERSION = YES_AGGRESSIVE;
				CLANG_CXX_LANGUAGE_STANDARD = "gnu++20";
				CLANG_ENABLE_MODULES = YES;
				CLANG_ENABLE_OBJC_ARC = YES;
				CLANG_ENABLE_OBJC_WEAK = YES;
				CLANG_WARN_BLOCK_CAPTURE_AUTORELEASING = YES;
				CLANG_WARN_BOOL_CONVERSION = YES;
				CLANG_WARN_COMMA = YES;
				CLANG_WARN_CONSTANT_CONVERSION = YES;
				CLANG_WARN_DEPRECATED_OBJC_IMPLEMENTATIONS = YES;
				CLANG_WARN_DIRECT_OBJC_ISA_USAGE = YES_ERROR;
				CLANG_WARN_DOCUMENTATION_COMMENTS = YES;
				CLANG_WARN_EMPTY_BODY = YES;
				CLANG_WARN_ENUM_CONVERSION = YES;
				CLANG_WARN_INFINITE_RECURSION = YES;
				CLANG_WARN_INT_CONVERSION = YES;
				CLANG_WARN_NON_LITERAL_NULL_CONVERSION = YES;
				CLANG_WARN_OBJC_IMPLICIT_RETAIN_SELF = YES;
				CLANG_WARN_OBJC_LITERAL_CONVERSION = YES;
				CLANG_WARN_OBJC_ROOT_CLASS = YES_ERROR;
				CLANG_WARN_QUOTED_INCLUDE_IN_FRAMEWORK_HEADER = YES;
				CLANG_WARN_RANGE_LOOP_ANALYSIS = YES;
				CLANG_WARN_STRICT_PROTOTYPES = YES;
				CLANG_WARN_SUSPICIOUS_MOVE = YES;
				CLANG_WARN_UNGUARDED_AVAILABILITY = YES_AGGRESSIVE;
				CLANG_WARN_UNREACHABLE_CODE = YES;
				CLANG_WARN__DUPLICATE_METHOD_MATCH = YES;
				COPY_PHASE_STRIP = NO;
				DEBUG_INFORMATION_FORMAT = dwarf;
				ENABLE_STRICT_OBJC_MSGSEND = YES;
				ENABLE_TESTABILITY = YES;
				ENABLE_USER_SCRIPT_SANDBOXING = YES;
				GCC_C_LANGUAGE_STANDARD = gnu17;
				GCC_DYNAMIC_NO_PIC = NO;
				GCC_NO_COMMON_BLOCKS = YES;
				GCC_OPTIMIZATION_LEVEL = 0;
				GCC_PREPROCESSOR_DEFINITIONS = (
					"DEBUG=1",
					"$(inherited)",
				);
				GCC_WARN_64_TO_32_BIT_CONVERSION = YES;
				GCC_WARN_ABOUT_RETURN_TYPE = YES_ERROR;
				GCC_WARN_UNDECLARED_SELECTOR = YES;
				GCC_WARN_UNINITIALIZED_AUTOS = YES_AGGRESSIVE;
				GCC_WARN_UNUSED_FUNCTION = YES;
				GCC_WARN_UNUSED_VARIABLE = YES;
				IPHONEOS_DEPLOYMENT_TARGET = 17.0;
				LOCALIZATION_PREFERS_STRING_CATALOGS = YES;
				MTL_ENABLE_DEBUG_INFO = INCLUDE_SOURCE;
				MTL_FAST_MATH = YES;
				ONLY_ACTIVE_ARCH = YES;
				SDKROOT = iphoneos;
				SWIFT_ACTIVE_COMPILATION_CONDITIONS = "DEBUG $(inherited)";
				SWIFT_OPTIMIZATION_LEVEL = "-Onone";
			};
			name = Debug;
		};
		3E5CC8952B336A4D00BB322E /* Release */ = {
			isa = XCBuildConfiguration;
			buildSettings = {
				ALWAYS_SEARCH_USER_PATHS = NO;
				ASSETCATALOG_COMPILER_GENERATE_SWIFT_ASSET_SYMBOL_EXTENSIONS = YES;
				CLANG_ANALYZER_NONNULL = YES;
				CLANG_ANALYZER_NUMBER_OBJECT_CONVERSION = YES_AGGRESSIVE;
				CLANG_CXX_LANGUAGE_STANDARD = "gnu++20";
				CLANG_ENABLE_MODULES = YES;
				CLANG_ENABLE_OBJC_ARC = YES;
				CLANG_ENABLE_OBJC_WEAK = YES;
				CLANG_WARN_BLOCK_CAPTURE_AUTORELEASING = YES;
				CLANG_WARN_BOOL_CONVERSION = YES;
				CLANG_WARN_COMMA = YES;
				CLANG_WARN_CONSTANT_CONVERSION = YES;
				CLANG_WARN_DEPRECATED_OBJC_IMPLEMENTATIONS = YES;
				CLANG_WARN_DIRECT_OBJC_ISA_USAGE = YES_ERROR;
				CLANG_WARN_DOCUMENTATION_COMMENTS = YES;
				CLANG_WARN_EMPTY_BODY = YES;
				CLANG_WARN_ENUM_CONVERSION = YES;
				CLANG_WARN_INFINITE_RECURSION = YES;
				CLANG_WARN_INT_CONVERSION = YES;
				CLANG_WARN_NON_LITERAL_NULL_CONVERSION = YES;
				CLANG_WARN_OBJC_IMPLICIT_RETAIN_SELF = YES;
				CLANG_WARN_OBJC_LITERAL_CONVERSION = YES;
				CLANG_WARN_OBJC_ROOT_CLASS = YES_ERROR;
				CLANG_WARN_QUOTED_INCLUDE_IN_FRAMEWORK_HEADER = YES;
				CLANG_WARN_RANGE_LOOP_ANALYSIS = YES;
				CLANG_WARN_STRICT_PROTOTYPES = YES;
				CLANG_WARN_SUSPICIOUS_MOVE = YES;
				CLANG_WARN_UNGUARDED_AVAILABILITY = YES_AGGRESSIVE;
				CLANG_WARN_UNREACHABLE_CODE = YES;
				CLANG_WARN__DUPLICATE_METHOD_MATCH = YES;
				COPY_PHASE_STRIP = NO;
				DEBUG_INFORMATION_FORMAT = "dwarf-with-dsym";
				ENABLE_NS_ASSERTIONS = NO;
				ENABLE_STRICT_OBJC_MSGSEND = YES;
				ENABLE_USER_SCRIPT_SANDBOXING = YES;
				GCC_C_LANGUAGE_STANDARD = gnu17;
				GCC_NO_COMMON_BLOCKS = YES;
				GCC_WARN_64_TO_32_BIT_CONVERSION = YES;
				GCC_WARN_ABOUT_RETURN_TYPE = YES_ERROR;
				GCC_WARN_UNDECLARED_SELECTOR = YES;
				GCC_WARN_UNINITIALIZED_AUTOS = YES_AGGRESSIVE;
				GCC_WARN_UNUSED_FUNCTION = YES;
				GCC_WARN_UNUSED_VARIABLE = YES;
				IPHONEOS_DEPLOYMENT_TARGET = 17.0;
				LOCALIZATION_PREFERS_STRING_CATALOGS = YES;
				MTL_ENABLE_DEBUG_INFO = NO;
				MTL_FAST_MATH = YES;
				SDKROOT = iphoneos;
				SWIFT_COMPILATION_MODE = wholemodule;
				VALIDATE_PRODUCT = YES;
			};
			name = Release;
		};
		3E5CC8972B336A4D00BB322E /* Debug */ = {
			isa = XCBuildConfiguration;
			buildSettings = {
				ASSETCATALOG_COMPILER_APPICON_NAME = AppIcon;
				ASSETCATALOG_COMPILER_GLOBAL_ACCENT_COLOR_NAME = AccentColor;
				CODE_SIGN_STYLE = Automatic;
				CURRENT_PROJECT_VERSION = 1;
				DEVELOPMENT_ASSET_PATHS = "\"CoffeeApp/Preview Content\"";
				DEVELOPMENT_TEAM = R94N88JCWX;
				ENABLE_PREVIEWS = YES;
				GENERATE_INFOPLIST_FILE = YES;
				INFOPLIST_KEY_UIApplicationSceneManifest_Generation = YES;
				INFOPLIST_KEY_UIApplicationSupportsIndirectInputEvents = YES;
				INFOPLIST_KEY_UILaunchScreen_Generation = YES;
				INFOPLIST_KEY_UISupportedInterfaceOrientations_iPad = "UIInterfaceOrientationPortrait UIInterfaceOrientationPortraitUpsideDown UIInterfaceOrientationLandscapeLeft UIInterfaceOrientationLandscapeRight";
				INFOPLIST_KEY_UISupportedInterfaceOrientations_iPhone = "UIInterfaceOrientationPortrait UIInterfaceOrientationLandscapeLeft UIInterfaceOrientationLandscapeRight";
				LD_RUNPATH_SEARCH_PATHS = (
					"$(inherited)",
					"@executable_path/Frameworks",
				);
				MARKETING_VERSION = 1.0;
				PRODUCT_BUNDLE_IDENTIFIER = alpewaIOS.CoffeeApp;
				PRODUCT_NAME = "$(TARGET_NAME)";
				SWIFT_EMIT_LOC_STRINGS = YES;
				SWIFT_VERSION = 5.0;
				TARGETED_DEVICE_FAMILY = "1,2";
			};
			name = Debug;
		};
		3E5CC8982B336A4D00BB322E /* Release */ = {
			isa = XCBuildConfiguration;
			buildSettings = {
				ASSETCATALOG_COMPILER_APPICON_NAME = AppIcon;
				ASSETCATALOG_COMPILER_GLOBAL_ACCENT_COLOR_NAME = AccentColor;
				CODE_SIGN_STYLE = Automatic;
				CURRENT_PROJECT_VERSION = 1;
				DEVELOPMENT_ASSET_PATHS = "\"CoffeeApp/Preview Content\"";
				DEVELOPMENT_TEAM = R94N88JCWX;
				ENABLE_PREVIEWS = YES;
				GENERATE_INFOPLIST_FILE = YES;
				INFOPLIST_KEY_UIApplicationSceneManifest_Generation = YES;
				INFOPLIST_KEY_UIApplicationSupportsIndirectInputEvents = YES;
				INFOPLIST_KEY_UILaunchScreen_Generation = YES;
				INFOPLIST_KEY_UISupportedInterfaceOrientations_iPad = "UIInterfaceOrientationPortrait UIInterfaceOrientationPortraitUpsideDown UIInterfaceOrientationLandscapeLeft UIInterfaceOrientationLandscapeRight";
				INFOPLIST_KEY_UISupportedInterfaceOrientations_iPhone = "UIInterfaceOrientationPortrait UIInterfaceOrientationLandscapeLeft UIInterfaceOrientationLandscapeRight";
				LD_RUNPATH_SEARCH_PATHS = (
					"$(inherited)",
					"@executable_path/Frameworks",
				);
				MARKETING_VERSION = 1.0;
				PRODUCT_BUNDLE_IDENTIFIER = alpewaIOS.CoffeeApp;
				PRODUCT_NAME = "$(TARGET_NAME)";
				SWIFT_EMIT_LOC_STRINGS = YES;
				SWIFT_VERSION = 5.0;
				TARGETED_DEVICE_FAMILY = "1,2";
			};
			name = Release;
		};
/* End XCBuildConfiguration section */

/* Begin XCConfigurationList section */
		3E5CC8832B336A4700BB322E /* Build configuration list for PBXProject "CoffeeApp" */ = {
			isa = XCConfigurationList;
			buildConfigurations = (
				3E5CC8942B336A4D00BB322E /* Debug */,
				3E5CC8952B336A4D00BB322E /* Release */,
			);
			defaultConfigurationIsVisible = 0;
			defaultConfigurationName = Release;
		};
		3E5CC8962B336A4D00BB322E /* Build configuration list for PBXNativeTarget "CoffeeApp" */ = {
			isa = XCConfigurationList;
			buildConfigurations = (
				3E5CC8972B336A4D00BB322E /* Debug */,
				3E5CC8982B336A4D00BB322E /* Release */,
			);
			defaultConfigurationIsVisible = 0;
			defaultConfigurationName = Release;
		};
/* End XCConfigurationList section */
	};
	rootObject = 3E5CC8802B336A4700BB322E /* Project object */;
}
